
Microsoft Visual Studio Solution File, Format Version 12.00
# Visual Studio Version 17
VisualStudioVersion = 17.3.32929.385
MinimumVisualStudioVersion = 10.0.40219.1
Project("{9A19103F-16F7-4668-BE54-9A1E7A4F7556}") = "Molnar_Lorand_Lab2", "Molnar_Lorand_Lab2.csproj", "{6E66FE38-5047-4583-A0D4-4C658E5B8B36}"
EndProject
Project("{9A19103F-16F7-4668-BE54-9A1E7A4F7556}") = "LibraryModel", "LibraryModel\LibraryModel.csproj", "{7CE804E4-4AB4-43ED-BBA8-FF3518C831B5}"
EndProject
Project("{9A19103F-16F7-4668-BE54-9A1E7A4F7556}") = "LibraryWebAPI", "LibraryWebAPI\LibraryWebAPI.csproj", "{CCE739E9-4012-46E3-8896-712FA5C972ED}"
EndProject
Global
	GlobalSection(SolutionConfigurationPlatforms) = preSolution
		Debug|Any CPU = Debug|Any CPU
		Release|Any CPU = Release|Any CPU
	EndGlobalSection
	GlobalSection(ProjectConfigurationPlatforms) = postSolution
		{6E66FE38-5047-4583-A0D4-4C658E5B8B36}.Debug|Any CPU.ActiveCfg = Debug|Any CPU
		{6E66FE38-5047-4583-A0D4-4C658E5B8B36}.Debug|Any CPU.Build.0 = Debug|Any CPU
		{6E66FE38-5047-4583-A0D4-4C658E5B8B36}.Release|Any CPU.ActiveCfg = Release|Any CPU
		{6E66FE38-5047-4583-A0D4-4C658E5B8B36}.Release|Any CPU.Build.0 = Release|Any CPU
		{7CE804E4-4AB4-43ED-BBA8-FF3518C831B5}.Debug|Any CPU.ActiveCfg = Debug|Any CPU
		{7CE804E4-4AB4-43ED-BBA8-FF3518C831B5}.Debug|Any CPU.Build.0 = Debug|Any CPU
		{7CE804E4-4AB4-43ED-BBA8-FF3518C831B5}.Release|Any CPU.ActiveCfg = Release|Any CPU
		{7CE804E4-4AB4-43ED-BBA8-FF3518C831B5}.Release|Any CPU.Build.0 = Release|Any CPU
		{CCE739E9-4012-46E3-8896-712FA5C972ED}.Debug|Any CPU.ActiveCfg = Debug|Any CPU
		{CCE739E9-4012-46E3-8896-712FA5C972ED}.Debug|Any CPU.Build.0 = Debug|Any CPU
		{CCE739E9-4012-46E3-8896-712FA5C972ED}.Release|Any CPU.ActiveCfg = Release|Any CPU
		{CCE739E9-4012-46E3-8896-712FA5C972ED}.Release|Any CPU.Build.0 = Release|Any CPU
	EndGlobalSection
	GlobalSection(SolutionProperties) = preSolution
		HideSolutionNode = FALSE
	EndGlobalSection
	GlobalSection(ExtensibilityGlobals) = postSolution
		SolutionGuid = {AABCACA9-FE5C-4FB9-AA23-14C846806245}
	EndGlobalSection
EndGlobal
